
Microsoft Visual Studio Solution File, Format Version 12.00
# Visual Studio Version 17
VisualStudioVersion = 17.11.35219.272
MinimumVisualStudioVersion = 10.0.40219.1
Project("{FAE04EC0-301F-11D3-BF4B-00C04F79EFBC}") = "Hospital Management System (Pak Wanto)", "Hospital Management System (Pak Wanto)\Hospital Management System (Pak Wanto).csproj", "{F5420270-E868-4D4E-951C-79FD5738BDB4}"
EndProject
Global
	GlobalSection(SolutionConfigurationPlatforms) = preSolution
		Debug|Any CPU = Debug|Any CPU
		Release|Any CPU = Release|Any CPU
	EndGlobalSection
	GlobalSection(ProjectConfigurationPlatforms) = postSolution
		{F5420270-E868-4D4E-951C-79FD5738BDB4}.Debug|Any CPU.ActiveCfg = Debug|Any CPU
		{F5420270-E868-4D4E-951C-79FD5738BDB4}.Debug|Any CPU.Build.0 = Debug|Any CPU
		{F5420270-E868-4D4E-951C-79FD5738BDB4}.Release|Any CPU.ActiveCfg = Release|Any CPU
		{F5420270-E868-4D4E-951C-79FD5738BDB4}.Release|Any CPU.Build.0 = Release|Any CPU
	EndGlobalSection
	GlobalSection(SolutionProperties) = preSolution
		HideSolutionNode = FALSE
	EndGlobalSection
	GlobalSection(ExtensibilityGlobals) = postSolution
		SolutionGuid = {AACEA205-73B3-4D90-A269-74A939E7CEAC}
	EndGlobalSection
EndGlobal
